
Microsoft Visual Studio Solution File, Format Version 12.00
# Visual Studio Version 17
VisualStudioVersion = 17.7.34221.43
MinimumVisualStudioVersion = 10.0.40219.1
Project("{8BC9CEB8-8B4A-11D0-8D11-00A0C91BC942}") = "ProgFin2", "ProgFin2.vcxproj", "{1DA42BDC-4253-4123-A77F-282306BF268E}"
EndProject
Global
	GlobalSection(SolutionConfigurationPlatforms) = preSolution
		Debug|x64 = Debug|x64
		Release|x64 = Release|x64
	EndGlobalSection
	GlobalSection(ProjectConfigurationPlatforms) = postSolution
		{1DA42BDC-4253-4123-A77F-282306BF268E}.Debug|x64.ActiveCfg = Debug|x64
		{1DA42BDC-4253-4123-A77F-282306BF268E}.Debug|x64.Build.0 = Debug|x64
		{1DA42BDC-4253-4123-A77F-282306BF268E}.Release|x64.ActiveCfg = Release|x64
		{1DA42BDC-4253-4123-A77F-282306BF268E}.Release|x64.Build.0 = Release|x64
	EndGlobalSection
	GlobalSection(SolutionProperties) = preSolution
		HideSolutionNode = FALSE
	EndGlobalSection
	GlobalSection(ExtensibilityGlobals) = postSolution
		SolutionGuid = {A7D784FE-4B0B-420D-91EC-2754F65BF844}
	EndGlobalSection
EndGlobal
